PODS:
  - FBSnapshotTestCase (2.1.4):
    - FBSnapshotTestCase/SwiftSupport (= 2.1.4)
  - FBSnapshotTestCase/Core (2.1.4)
  - FBSnapshotTestCase/SwiftSupport (2.1.4):
    - FBSnapshotTestCase/Core
  - GLTFSceneKitLoader (0.1.0):
    - ModelMapper
  - ModelMapper (7.4.0)

DEPENDENCIES:
  - FBSnapshotTestCase (~> 2.1.4)
  - GLTFSceneKitLoader (from `../`)
  - ModelMapper

EXTERNAL SOURCES:
  GLTFSceneKitLoader:
    :path: ../

SPEC CHECKSUMS:
  FBSnapshotTestCase: 094f9f314decbabe373b87cc339bea235a63e07a
  GLTFSceneKitLoader: d4756e48776fc28ce591a2741f7f89d7aaa53ff6
  ModelMapper: 467f49f6f187b4e6cde2599e7cc5968cefa3f19b

PODFILE CHECKSUM: 5f7ebe106c29f878cd4706438e39f32cde622528

COCOAPODS: 1.3.1
